// !$*UTF8*$!
{
	archiveVersion = 1;
	classes = {
	};
	objectVersion = 56;
	objects = {

/* Begin PBXBuildFile section */
		60855E2E29763ECB00E2A132 /* DistributedTracingPoCApp.swift in Sources */ = {isa = PBXBuildFile; fileRef = 60855E2D29763ECB00E2A132 /* DistributedTracingPoCApp.swift */; };
		60855E3029763ECB00E2A132 /* ContentView.swift in Sources */ = {isa = PBXBuildFile; fileRef = 60855E2F29763ECB00E2A132 /* ContentView.swift */; };
		60855E3229763ECC00E2A132 /* Assets.xcassets in Resources */ = {isa = PBXBuildFile; fileRef = 60855E3129763ECC00E2A132 /* Assets.xcassets */; };
		60855E3529763ECC00E2A132 /* Preview Assets.xcassets in Resources */ = {isa = PBXBuildFile; fileRef = 60855E3429763ECC00E2A132 /* Preview Assets.xcassets */; };
		60855E3F29763ECC00E2A132 /* DistributedTracingPoCTests.swift in Sources */ = {isa = PBXBuildFile; fileRef = 60855E3E29763ECC00E2A132 /* DistributedTracingPoCTests.swift */; };
		60855E4929763ECC00E2A132 /* DistributedTracingPoCUITests.swift in Sources */ = {isa = PBXBuildFile; fileRef = 60855E4829763ECC00E2A132 /* DistributedTracingPoCUITests.swift */; };
		60855E4B29763ECC00E2A132 /* DistributedTracingPoCUITestsLaunchTests.swift in Sources */ = {isa = PBXBuildFile; fileRef = 60855E4A29763ECC00E2A132 /* DistributedTracingPoCUITestsLaunchTests.swift */; };
		60855E592976402400E2A132 /* OpenTelemetry in Frameworks */ = {isa = PBXBuildFile; productRef = 60855E582976402400E2A132 /* OpenTelemetry */; };
		60855E5B2976402400E2A132 /* OtlpGRPCSpanExporting in Frameworks */ = {isa = PBXBuildFile; productRef = 60855E5A2976402400E2A132 /* OtlpGRPCSpanExporting */; };
/* End PBXBuildFile section */

/* Begin PBXContainerItemProxy section */
		60855E3B29763ECC00E2A132 /* PBXContainerItemProxy */ = {
			isa = PBXContainerItemProxy;
			containerPortal = 60855E2229763ECB00E2A132 /* Project object */;
			proxyType = 1;
			remoteGlobalIDString = 60855E2929763ECB00E2A132;
			remoteInfo = DistributedTracingPoC;
		};
		60855E4529763ECC00E2A132 /* PBXContainerItemProxy */ = {
			isa = PBXContainerItemProxy;
			containerPortal = 60855E2229763ECB00E2A132 /* Project object */;
			proxyType = 1;
			remoteGlobalIDString = 60855E2929763ECB00E2A132;
			remoteInfo = DistributedTracingPoC;
		};
/* End PBXContainerItemProxy section */

/* Begin PBXFileReference section */
		60855E2A29763ECB00E2A132 /* DistributedTracingPoC.app */ = {isa = PBXFileReference; explicitFileType = wrapper.application; includeInIndex = 0; path = DistributedTracingPoC.app; sourceTree = BUILT_PRODUCTS_DIR; };
		60855E2D29763ECB00E2A132 /* DistributedTracingPoCApp.swift */ = {isa = PBXFileReference; lastKnownFileType = sourcecode.swift; path = DistributedTracingPoCApp.swift; sourceTree = "<group>"; };
		60855E2F29763ECB00E2A132 /* ContentView.swift */ = {isa = PBXFileReference; lastKnownFileType = sourcecode.swift; path = ContentView.swift; sourceTree = "<group>"; };
		60855E3129763ECC00E2A132 /* Assets.xcassets */ = {isa = PBXFileReference; lastKnownFileType = folder.assetcatalog; path = Assets.xcassets; sourceTree = "<group>"; };
		60855E3429763ECC00E2A132 /* Preview Assets.xcassets */ = {isa = PBXFileReference; lastKnownFileType = folder.assetcatalog; path = "Preview Assets.xcassets"; sourceTree = "<group>"; };
		60855E3A29763ECC00E2A132 /* DistributedTracingPoCTests.xctest */ = {isa = PBXFileReference; explicitFileType = wrapper.cfbundle; includeInIndex = 0; path = DistributedTracingPoCTests.xctest; sourceTree = BUILT_PRODUCTS_DIR; };
		60855E3E29763ECC00E2A132 /* DistributedTracingPoCTests.swift */ = {isa = PBXFileReference; lastKnownFileType = sourcecode.swift; path = DistributedTracingPoCTests.swift; sourceTree = "<group>"; };
		60855E4429763ECC00E2A132 /* DistributedTracingPoCUITests.xctest */ = {isa = PBXFileReference; explicitFileType = wrapper.cfbundle; includeInIndex = 0; path = DistributedTracingPoCUITests.xctest; sourceTree = BUILT_PRODUCTS_DIR; };
		60855E4829763ECC00E2A132 /* DistributedTracingPoCUITests.swift */ = {isa = PBXFileReference; lastKnownFileType = sourcecode.swift; path = DistributedTracingPoCUITests.swift; sourceTree = "<group>"; };
		60855E4A29763ECC00E2A132 /* DistributedTracingPoCUITestsLaunchTests.swift */ = {isa = PBXFileReference; lastKnownFileType = sourcecode.swift; path = DistributedTracingPoCUITestsLaunchTests.swift; sourceTree = "<group>"; };
/* End PBXFileReference section */

/* Begin PBXFrameworksBuildPhase section */
		60855E2729763ECB00E2A132 /* Frameworks */ = {
			isa = PBXFrameworksBuildPhase;
			buildActionMask = 2147483647;
			files = (
				60855E5B2976402400E2A132 /* OtlpGRPCSpanExporting in Frameworks */,
				60855E592976402400E2A132 /* OpenTelemetry in Frameworks */,
			);
			runOnlyForDeploymentPostprocessing = 0;
		};
		60855E3729763ECC00E2A132 /* Frameworks */ = {
			isa = PBXFrameworksBuildPhase;
			buildActionMask = 2147483647;
			files = (
			);
			runOnlyForDeploymentPostprocessing = 0;
		};
		60855E4129763ECC00E2A132 /* Frameworks */ = {
			isa = PBXFrameworksBuildPhase;
			buildActionMask = 2147483647;
			files = (
			);
			runOnlyForDeploymentPostprocessing = 0;
		};
/* End PBXFrameworksBuildPhase section */

/* Begin PBXGroup section */
		60855E2129763ECB00E2A132 = {
			isa = PBXGroup;
			children = (
				60855E2C29763ECB00E2A132 /* DistributedTracingPoC */,
				60855E3D29763ECC00E2A132 /* DistributedTracingPoCTests */,
				60855E4729763ECC00E2A132 /* DistributedTracingPoCUITests */,
				60855E2B29763ECB00E2A132 /* Products */,
			);
			sourceTree = "<group>";
		};
		60855E2B29763ECB00E2A132 /* Products */ = {
			isa = PBXGroup;
			children = (
				60855E2A29763ECB00E2A132 /* DistributedTracingPoC.app */,
				60855E3A29763ECC00E2A132 /* DistributedTracingPoCTests.xctest */,
				60855E4429763ECC00E2A132 /* DistributedTracingPoCUITests.xctest */,
			);
			name = Products;
			sourceTree = "<group>";
		};
		60855E2C29763ECB00E2A132 /* DistributedTracingPoC */ = {
			isa = PBXGroup;
			children = (
				60855E2D29763ECB00E2A132 /* DistributedTracingPoCApp.swift */,
				60855E2F29763ECB00E2A132 /* ContentView.swift */,
				60855E3129763ECC00E2A132 /* Assets.xcassets */,
				60855E3329763ECC00E2A132 /* Preview Content */,
			);
			path = DistributedTracingPoC;
			sourceTree = "<group>";
		};
		60855E3329763ECC00E2A132 /* Preview Content */ = {
			isa = PBXGroup;
			children = (
				60855E3429763ECC00E2A132 /* Preview Assets.xcassets */,
			);
			path = "Preview Content";
			sourceTree = "<group>";
		};
		60855E3D29763ECC00E2A132 /* DistributedTracingPoCTests */ = {
			isa = PBXGroup;
			children = (
				60855E3E29763ECC00E2A132 /* DistributedTracingPoCTests.swift */,
			);
			path = DistributedTracingPoCTests;
			sourceTree = "<group>";
		};
		60855E4729763ECC00E2A132 /* DistributedTracingPoCUITests */ = {
			isa = PBXGroup;
			children = (
				60855E4829763ECC00E2A132 /* DistributedTracingPoCUITests.swift */,
				60855E4A29763ECC00E2A132 /* DistributedTracingPoCUITestsLaunchTests.swift */,
			);
			path = DistributedTracingPoCUITests;
			sourceTree = "<group>";
		};
/* End PBXGroup section */

/* Begin PBXNativeTarget section */
		60855E2929763ECB00E2A132 /* DistributedTracingPoC */ = {
			isa = PBXNativeTarget;
			buildConfigurationList = 60855E4E29763ECC00E2A132 /* Build configuration list for PBXNativeTarget "DistributedTracingPoC" */;
			buildPhases = (
				60855E2629763ECB00E2A132 /* Sources */,
				60855E2729763ECB00E2A132 /* Frameworks */,
				60855E2829763ECB00E2A132 /* Resources */,
			);
			buildRules = (
			);
			dependencies = (
			);
			name = DistributedTracingPoC;
			packageProductDependencies = (
				60855E582976402400E2A132 /* OpenTelemetry */,
				60855E5A2976402400E2A132 /* OtlpGRPCSpanExporting */,
			);
			productName = DistributedTracingPoC;
			productReference = 60855E2A29763ECB00E2A132 /* DistributedTracingPoC.app */;
			productType = "com.apple.product-type.application";
		};
		60855E3929763ECC00E2A132 /* DistributedTracingPoCTests */ = {
			isa = PBXNativeTarget;
			buildConfigurationList = 60855E5129763ECC00E2A132 /* Build configuration list for PBXNativeTarget "DistributedTracingPoCTests" */;
			buildPhases = (
				60855E3629763ECC00E2A132 /* Sources */,
				60855E3729763ECC00E2A132 /* Frameworks */,
				60855E3829763ECC00E2A132 /* Resources */,
			);
			buildRules = (
			);
			dependencies = (
				60855E3C29763ECC00E2A132 /* PBXTargetDependency */,
			);
			name = DistributedTracingPoCTests;
			productName = DistributedTracingPoCTests;
			productReference = 60855E3A29763ECC00E2A132 /* DistributedTracingPoCTests.xctest */;
			productType = "com.apple.product-type.bundle.unit-test";
		};
		60855E4329763ECC00E2A132 /* DistributedTracingPoCUITests */ = {
			isa = PBXNativeTarget;
			buildConfigurationList = 60855E5429763ECC00E2A132 /* Build configuration list for PBXNativeTarget "DistributedTracingPoCUITests" */;
			buildPhases = (
				60855E4029763ECC00E2A132 /* Sources */,
				60855E4129763ECC00E2A132 /* Frameworks */,
				60855E4229763ECC00E2A132 /* Resources */,
			);
			buildRules = (
			);
			dependencies = (
				60855E4629763ECC00E2A132 /* PBXTargetDependency */,
			);
			name = DistributedTracingPoCUITests;
			productName = DistributedTracingPoCUITests;
			productReference = 60855E4429763ECC00E2A132 /* DistributedTracingPoCUITests.xctest */;
			productType = "com.apple.product-type.bundle.ui-testing";
		};
/* End PBXNativeTarget section */

/* Begin PBXProject section */
		60855E2229763ECB00E2A132 /* Project object */ = {
			isa = PBXProject;
			attributes = {
				BuildIndependentTargetsInParallel = 1;
				LastSwiftUpdateCheck = 1420;
				LastUpgradeCheck = 1420;
				TargetAttributes = {
					60855E2929763ECB00E2A132 = {
						CreatedOnToolsVersion = 14.2;
					};
					60855E3929763ECC00E2A132 = {
						CreatedOnToolsVersion = 14.2;
						TestTargetID = 60855E2929763ECB00E2A132;
					};
					60855E4329763ECC00E2A132 = {
						CreatedOnToolsVersion = 14.2;
						TestTargetID = 60855E2929763ECB00E2A132;
					};
				};
			};
			buildConfigurationList = 60855E2529763ECB00E2A132 /* Build configuration list for PBXProject "DistributedTracingPoC" */;
			compatibilityVersion = "Xcode 14.0";
			developmentRegion = en;
			hasScannedForEncodings = 0;
			knownRegions = (
				en,
				Base,
			);
			mainGroup = 60855E2129763ECB00E2A132;
			packageReferences = (
				60855E572976402400E2A132 /* XCRemoteSwiftPackageReference "swift-otel" */,
			);
			productRefGroup = 60855E2B29763ECB00E2A132 /* Products */;
			projectDirPath = "";
			projectRoot = "";
			targets = (
				60855E2929763ECB00E2A132 /* DistributedTracingPoC */,
				60855E3929763ECC00E2A132 /* DistributedTracingPoCTests */,
				60855E4329763ECC00E2A132 /* DistributedTracingPoCUITests */,
			);
		};
/* End PBXProject section */

/* Begin PBXResourcesBuildPhase section */
		60855E2829763ECB00E2A132 /* Resources */ = {
			isa = PBXResourcesBuildPhase;
			buildActionMask = 2147483647;
			files = (
				60855E3529763ECC00E2A132 /* Preview Assets.xcassets in Resources */,
				60855E3229763ECC00E2A132 /* Assets.xcassets in Resources */,
			);
			runOnlyForDeploymentPostprocessing = 0;
		};
		60855E3829763ECC00E2A132 /* Resources */ = {
			isa = PBXResourcesBuildPhase;
			buildActionMask = 2147483647;
			files = (
			);
			runOnlyForDeploymentPostprocessing = 0;
		};
		60855E4229763ECC00E2A132 /* Resources */ = {
			isa = PBXResourcesBuildPhase;
			buildActionMask = 2147483647;
			files = (
			);
			runOnlyForDeploymentPostprocessing = 0;
		};
/* End PBXResourcesBuildPhase section */

/* Begin PBXSourcesBuildPhase section */
		60855E2629763ECB00E2A132 /* Sources */ = {
			isa = PBXSourcesBuildPhase;
			buildActionMask = 2147483647;
			files = (
				60855E3029763ECB00E2A132 /* ContentView.swift in Sources */,
				60855E2E29763ECB00E2A132 /* DistributedTracingPoCApp.swift in Sources */,
			);
			runOnlyForDeploymentPostprocessing = 0;
		};
		60855E3629763ECC00E2A132 /* Sources */ = {
			isa = PBXSourcesBuildPhase;
			buildActionMask = 2147483647;
			files = (
				60855E3F29763ECC00E2A132 /* DistributedTracingPoCTests.swift in Sources */,
			);
			runOnlyForDeploymentPostprocessing = 0;
		};
		60855E4029763ECC00E2A132 /* Sources */ = {
			isa = PBXSourcesBuildPhase;
			buildActionMask = 2147483647;
			files = (
				60855E4B29763ECC00E2A132 /* DistributedTracingPoCUITestsLaunchTests.swift in Sources */,
				60855E4929763ECC00E2A132 /* DistributedTracingPoCUITests.swift in Sources */,
			);
			runOnlyForDeploymentPostprocessing = 0;
		};
/* End PBXSourcesBuildPhase section */

/* Begin PBXTargetDependency section */
		60855E3C29763ECC00E2A132 /* PBXTargetDependency */ = {
			isa = PBXTargetDependency;
			target = 60855E2929763ECB00E2A132 /* DistributedTracingPoC */;
			targetProxy = 60855E3B29763ECC00E2A132 /* PBXContainerItemProxy */;
		};
		60855E4629763ECC00E2A132 /* PBXTargetDependency */ = {
			isa = PBXTargetDependency;
			target = 60855E2929763ECB00E2A132 /* DistributedTracingPoC */;
			targetProxy = 60855E4529763ECC00E2A132 /* PBXContainerItemProxy */;
		};
/* End PBXTargetDependency section */

/* Begin XCBuildConfiguration section */
		60855E4C29763ECC00E2A132 /* Debug */ = {
			isa = XCBuildConfiguration;
			buildSettings = {
				ALWAYS_SEARCH_USER_PATHS = NO;
				CLANG_ANALYZER_NONNULL = YES;
				CLANG_ANALYZER_NUMBER_OBJECT_CONVERSION = YES_AGGRESSIVE;
				CLANG_CXX_LANGUAGE_STANDARD = "gnu++20";
				CLANG_ENABLE_MODULES = YES;
				CLANG_ENABLE_OBJC_ARC = YES;
				CLANG_ENABLE_OBJC_WEAK = YES;
				CLANG_WARN_BLOCK_CAPTURE_AUTORELEASING = YES;
				CLANG_WARN_BOOL_CONVERSION = YES;
				CLANG_WARN_COMMA = YES;
				CLANG_WARN_CONSTANT_CONVERSION = YES;
				CLANG_WARN_DEPRECATED_OBJC_IMPLEMENTATIONS = YES;
				CLANG_WARN_DIRECT_OBJC_ISA_USAGE = YES_ERROR;
				CLANG_WARN_DOCUMENTATION_COMMENTS = YES;
				CLANG_WARN_EMPTY_BODY = YES;
				CLANG_WARN_ENUM_CONVERSION = YES;
				CLANG_WARN_INFINITE_RECURSION = YES;
				CLANG_WARN_INT_CONVERSION = YES;
				CLANG_WARN_NON_LITERAL_NULL_CONVERSION = YES;
				CLANG_WARN_OBJC_IMPLICIT_RETAIN_SELF = YES;
				CLANG_WARN_OBJC_LITERAL_CONVERSION = YES;
				CLANG_WARN_OBJC_ROOT_CLASS = YES_ERROR;
				CLANG_WARN_QUOTED_INCLUDE_IN_FRAMEWORK_HEADER = YES;
				CLANG_WARN_RANGE_LOOP_ANALYSIS = YES;
				CLANG_WARN_STRICT_PROTOTYPES = YES;
				CLANG_WARN_SUSPICIOUS_MOVE = YES;
				CLANG_WARN_UNGUARDED_AVAILABILITY = YES_AGGRESSIVE;
				CLANG_WARN_UNREACHABLE_CODE = YES;
				CLANG_WARN__DUPLICATE_METHOD_MATCH = YES;
				COPY_PHASE_STRIP = NO;
				DEBUG_INFORMATION_FORMAT = dwarf;
				ENABLE_STRICT_OBJC_MSGSEND = YES;
				ENABLE_TESTABILITY = YES;
				GCC_C_LANGUAGE_STANDARD = gnu11;
				GCC_DYNAMIC_NO_PIC = NO;
				GCC_NO_COMMON_BLOCKS = YES;
				GCC_OPTIMIZATION_LEVEL = 0;
				GCC_PREPROCESSOR_DEFINITIONS = (
					"DEBUG=1",
					"$(inherited)",
				);
				GCC_WARN_64_TO_32_BIT_CONVERSION = YES;
				GCC_WARN_ABOUT_RETURN_TYPE = YES_ERROR;
				GCC_WARN_UNDECLARED_SELECTOR = YES;
				GCC_WARN_UNINITIALIZED_AUTOS = YES_AGGRESSIVE;
				GCC_WARN_UNUSED_FUNCTION = YES;
				GCC_WARN_UNUSED_VARIABLE = YES;
				IPHONEOS_DEPLOYMENT_TARGET = 16.2;
				MTL_ENABLE_DEBUG_INFO = INCLUDE_SOURCE;
				MTL_FAST_MATH = YES;
				ONLY_ACTIVE_ARCH = YES;
				SDKROOT = iphoneos;
				SWIFT_ACTIVE_COMPILATION_CONDITIONS = DEBUG;
				SWIFT_OPTIMIZATION_LEVEL = "-Onone";
			};
			name = Debug;
		};
		60855E4D29763ECC00E2A132 /* Release */ = {
			isa = XCBuildConfiguration;
			buildSettings = {
				ALWAYS_SEARCH_USER_PATHS = NO;
				CLANG_ANALYZER_NONNULL = YES;
				CLANG_ANALYZER_NUMBER_OBJECT_CONVERSION = YES_AGGRESSIVE;
				CLANG_CXX_LANGUAGE_STANDARD = "gnu++20";
				CLANG_ENABLE_MODULES = YES;
				CLANG_ENABLE_OBJC_ARC = YES;
				CLANG_ENABLE_OBJC_WEAK = YES;
				CLANG_WARN_BLOCK_CAPTURE_AUTORELEASING = YES;
				CLANG_WARN_BOOL_CONVERSION = YES;
				CLANG_WARN_COMMA = YES;
				CLANG_WARN_CONSTANT_CONVERSION = YES;
				CLANG_WARN_DEPRECATED_OBJC_IMPLEMENTATIONS = YES;
				CLANG_WARN_DIRECT_OBJC_ISA_USAGE = YES_ERROR;
				CLANG_WARN_DOCUMENTATION_COMMENTS = YES;
				CLANG_WARN_EMPTY_BODY = YES;
				CLANG_WARN_ENUM_CONVERSION = YES;
				CLANG_WARN_INFINITE_RECURSION = YES;
				CLANG_WARN_INT_CONVERSION = YES;
				CLANG_WARN_NON_LITERAL_NULL_CONVERSION = YES;
				CLANG_WARN_OBJC_IMPLICIT_RETAIN_SELF = YES;
				CLANG_WARN_OBJC_LITERAL_CONVERSION = YES;
				CLANG_WARN_OBJC_ROOT_CLASS = YES_ERROR;
				CLANG_WARN_QUOTED_INCLUDE_IN_FRAMEWORK_HEADER = YES;
				CLANG_WARN_RANGE_LOOP_ANALYSIS = YES;
				CLANG_WARN_STRICT_PROTOTYPES = YES;
				CLANG_WARN_SUSPICIOUS_MOVE = YES;
				CLANG_WARN_UNGUARDED_AVAILABILITY = YES_AGGRESSIVE;
				CLANG_WARN_UNREACHABLE_CODE = YES;
				CLANG_WARN__DUPLICATE_METHOD_MATCH = YES;
				COPY_PHASE_STRIP = NO;
				DEBUG_INFORMATION_FORMAT = "dwarf-with-dsym";
				ENABLE_NS_ASSERTIONS = NO;
				ENABLE_STRICT_OBJC_MSGSEND = YES;
				GCC_C_LANGUAGE_STANDARD = gnu11;
				GCC_NO_COMMON_BLOCKS = YES;
				GCC_WARN_64_TO_32_BIT_CONVERSION = YES;
				GCC_WARN_ABOUT_RETURN_TYPE = YES_ERROR;
				GCC_WARN_UNDECLARED_SELECTOR = YES;
				GCC_WARN_UNINITIALIZED_AUTOS = YES_AGGRESSIVE;
				GCC_WARN_UNUSED_FUNCTION = YES;
				GCC_WARN_UNUSED_VARIABLE = YES;
				IPHONEOS_DEPLOYMENT_TARGET = 16.2;
				MTL_ENABLE_DEBUG_INFO = NO;
				MTL_FAST_MATH = YES;
				SDKROOT = iphoneos;
				SWIFT_COMPILATION_MODE = wholemodule;
				SWIFT_OPTIMIZATION_LEVEL = "-O";
				VALIDATE_PRODUCT = YES;
			};
			name = Release;
		};
		60855E4F29763ECC00E2A132 /* Debug */ = {
			isa = XCBuildConfiguration;
			buildSettings = {
				ASSETCATALOG_COMPILER_APPICON_NAME = AppIcon;
				ASSETCATALOG_COMPILER_GLOBAL_ACCENT_COLOR_NAME = AccentColor;
				CODE_SIGN_STYLE = Automatic;
				CURRENT_PROJECT_VERSION = 1;
				DEVELOPMENT_ASSET_PATHS = "\"DistributedTracingPoC/Preview Content\"";
				DEVELOPMENT_TEAM = 4JAQWRWYAQ;
				ENABLE_PREVIEWS = YES;
				GENERATE_INFOPLIST_FILE = YES;
				INFOPLIST_KEY_UIApplicationSceneManifest_Generation = YES;
				INFOPLIST_KEY_UIApplicationSupportsIndirectInputEvents = YES;
				INFOPLIST_KEY_UILaunchScreen_Generation = YES;
				INFOPLIST_KEY_UISupportedInterfaceOrientations_iPad = "UIInterfaceOrientationPortrait UIInterfaceOrientationPortraitUpsideDown UIInterfaceOrientationLandscapeLeft UIInterfaceOrientationLandscapeRight";
				INFOPLIST_KEY_UISupportedInterfaceOrientations_iPhone = "UIInterfaceOrientationPortrait UIInterfaceOrientationLandscapeLeft UIInterfaceOrientationLandscapeRight";
				LD_RUNPATH_SEARCH_PATHS = (
					"$(inherited)",
					"@executable_path/Frameworks",
				);
				MARKETING_VERSION = 1.0;
				PRODUCT_BUNDLE_IDENTIFIER = scottrobbins.DistributedTracingPoC;
				PRODUCT_NAME = "$(TARGET_NAME)";
				SWIFT_EMIT_LOC_STRINGS = YES;
				SWIFT_VERSION = 5.0;
				TARGETED_DEVICE_FAMILY = "1,2";
			};
			name = Debug;
		};
		60855E5029763ECC00E2A132 /* Release */ = {
			isa = XCBuildConfiguration;
			buildSettings = {
				ASSETCATALOG_COMPILER_APPICON_NAME = AppIcon;
				ASSETCATALOG_COMPILER_GLOBAL_ACCENT_COLOR_NAME = AccentColor;
				CODE_SIGN_STYLE = Automatic;
				CURRENT_PROJECT_VERSION = 1;
				DEVELOPMENT_ASSET_PATHS = "\"DistributedTracingPoC/Preview Content\"";
				DEVELOPMENT_TEAM = 4JAQWRWYAQ;
				ENABLE_PREVIEWS = YES;
				GENERATE_INFOPLIST_FILE = YES;
				INFOPLIST_KEY_UIApplicationSceneManifest_Generation = YES;
				INFOPLIST_KEY_UIApplicationSupportsIndirectInputEvents = YES;
				INFOPLIST_KEY_UILaunchScreen_Generation = YES;
				INFOPLIST_KEY_UISupportedInterfaceOrientations_iPad = "UIInterfaceOrientationPortrait UIInterfaceOrientationPortraitUpsideDown UIInterfaceOrientationLandscapeLeft UIInterfaceOrientationLandscapeRight";
				INFOPLIST_KEY_UISupportedInterfaceOrientations_iPhone = "UIInterfaceOrientationPortrait UIInterfaceOrientationLandscapeLeft UIInterfaceOrientationLandscapeRight";
				LD_RUNPATH_SEARCH_PATHS = (
					"$(inherited)",
					"@executable_path/Frameworks",
				);
				MARKETING_VERSION = 1.0;
				PRODUCT_BUNDLE_IDENTIFIER = scottrobbins.DistributedTracingPoC;
				PRODUCT_NAME = "$(TARGET_NAME)";
				SWIFT_EMIT_LOC_STRINGS = YES;
				SWIFT_VERSION = 5.0;
				TARGETED_DEVICE_FAMILY = "1,2";
			};
			name = Release;
		};
		60855E5229763ECC00E2A132 /* Debug */ = {
			isa = XCBuildConfiguration;
			buildSettings = {
				ALWAYS_EMBED_SWIFT_STANDARD_LIBRARIES = YES;
				BUNDLE_LOADER = "$(TEST_HOST)";
				CODE_SIGN_STYLE = Automatic;
				CURRENT_PROJECT_VERSION = 1;
				DEVELOPMENT_TEAM = 4JAQWRWYAQ;
				GENERATE_INFOPLIST_FILE = YES;
				IPHONEOS_DEPLOYMENT_TARGET = 16.2;
				MARKETING_VERSION = 1.0;
				PRODUCT_BUNDLE_IDENTIFIER = scottrobbins.DistributedTracingPoCTests;
				PRODUCT_NAME = "$(TARGET_NAME)";
				SWIFT_EMIT_LOC_STRINGS = NO;
				SWIFT_VERSION = 5.0;
				TARGETED_DEVICE_FAMILY = "1,2";
				TEST_HOST = "$(BUILT_PRODUCTS_DIR)/DistributedTracingPoC.app/$(BUNDLE_EXECUTABLE_FOLDER_PATH)/DistributedTracingPoC";
			};
			name = Debug;
		};
		60855E5329763ECC00E2A132 /* Release */ = {
			isa = XCBuildConfiguration;
			buildSettings = {
				ALWAYS_EMBED_SWIFT_STANDARD_LIBRARIES = YES;
				BUNDLE_LOADER = "$(TEST_HOST)";
				CODE_SIGN_STYLE = Automatic;
				CURRENT_PROJECT_VERSION = 1;
				DEVELOPMENT_TEAM = 4JAQWRWYAQ;
				GENERATE_INFOPLIST_FILE = YES;
				IPHONEOS_DEPLOYMENT_TARGET = 16.2;
				MARKETING_VERSION = 1.0;
				PRODUCT_BUNDLE_IDENTIFIER = scottrobbins.DistributedTracingPoCTests;
				PRODUCT_NAME = "$(TARGET_NAME)";
				SWIFT_EMIT_LOC_STRINGS = NO;
				SWIFT_VERSION = 5.0;
				TARGETED_DEVICE_FAMILY = "1,2";
				TEST_HOST = "$(BUILT_PRODUCTS_DIR)/DistributedTracingPoC.app/$(BUNDLE_EXECUTABLE_FOLDER_PATH)/DistributedTracingPoC";
			};
			name = Release;
		};
		60855E5529763ECC00E2A132 /* Debug */ = {
			isa = XCBuildConfiguration;
			buildSettings = {
				ALWAYS_EMBED_SWIFT_STANDARD_LIBRARIES = YES;
				CODE_SIGN_STYLE = Automatic;
				CURRENT_PROJECT_VERSION = 1;
				DEVELOPMENT_TEAM = 4JAQWRWYAQ;
				GENERATE_INFOPLIST_FILE = YES;
				MARKETING_VERSION = 1.0;
				PRODUCT_BUNDLE_IDENTIFIER = scottrobbins.DistributedTracingPoCUITests;
				PRODUCT_NAME = "$(TARGET_NAME)";
				SWIFT_EMIT_LOC_STRINGS = NO;
				SWIFT_VERSION = 5.0;
				TARGETED_DEVICE_FAMILY = "1,2";
				TEST_TARGET_NAME = DistributedTracingPoC;
			};
			name = Debug;
		};
		60855E5629763ECC00E2A132 /* Release */ = {
			isa = XCBuildConfiguration;
			buildSettings = {
				ALWAYS_EMBED_SWIFT_STANDARD_LIBRARIES = YES;
				CODE_SIGN_STYLE = Automatic;
				CURRENT_PROJECT_VERSION = 1;
				DEVELOPMENT_TEAM = 4JAQWRWYAQ;
				GENERATE_INFOPLIST_FILE = YES;
				MARKETING_VERSION = 1.0;
				PRODUCT_BUNDLE_IDENTIFIER = scottrobbins.DistributedTracingPoCUITests;
				PRODUCT_NAME = "$(TARGET_NAME)";
				SWIFT_EMIT_LOC_STRINGS = NO;
				SWIFT_VERSION = 5.0;
				TARGETED_DEVICE_FAMILY = "1,2";
				TEST_TARGET_NAME = DistributedTracingPoC;
			};
			name = Release;
		};
/* End XCBuildConfiguration section */

/* Begin XCConfigurationList section */
		60855E2529763ECB00E2A132 /* Build configuration list for PBXProject "DistributedTracingPoC" */ = {
			isa = XCConfigurationList;
			buildConfigurations = (
				60855E4C29763ECC00E2A132 /* Debug */,
				60855E4D29763ECC00E2A132 /* Release */,
			);
			defaultConfigurationIsVisible = 0;
			defaultConfigurationName = Release;
		};
		60855E4E29763ECC00E2A132 /* Build configuration list for PBXNativeTarget "DistributedTracingPoC" */ = {
			isa = XCConfigurationList;
			buildConfigurations = (
				60855E4F29763ECC00E2A132 /* Debug */,
				60855E5029763ECC00E2A132 /* Release */,
			);
			defaultConfigurationIsVisible = 0;
			defaultConfigurationName = Release;
		};
		60855E5129763ECC00E2A132 /* Build configuration list for PBXNativeTarget "DistributedTracingPoCTests" */ = {
			isa = XCConfigurationList;
			buildConfigurations = (
				60855E5229763ECC00E2A132 /* Debug */,
				60855E5329763ECC00E2A132 /* Release */,
			);
			defaultConfigurationIsVisible = 0;
			defaultConfigurationName = Release;
		};
		60855E5429763ECC00E2A132 /* Build configuration list for PBXNativeTarget "DistributedTracingPoCUITests" */ = {
			isa = XCConfigurationList;
			buildConfigurations = (
				60855E5529763ECC00E2A132 /* Debug */,
				60855E5629763ECC00E2A132 /* Release */,
			);
			defaultConfigurationIsVisible = 0;
			defaultConfigurationName = Release;
		};
/* End XCConfigurationList section */

/* Begin XCRemoteSwiftPackageReference section */
		60855E572976402400E2A132 /* XCRemoteSwiftPackageReference "swift-otel" */ = {
			isa = XCRemoteSwiftPackageReference;
			repositoryURL = "https://github.com/slashmo/swift-otel";
			requirement = {
				kind = upToNextMajorVersion;
				minimumVersion = 0.4.0;
			};
		};
/* End XCRemoteSwiftPackageReference section */

/* Begin XCSwiftPackageProductDependency section */
		60855E582976402400E2A132 /* OpenTelemetry */ = {
			isa = XCSwiftPackageProductDependency;
			package = 60855E572976402400E2A132 /* XCRemoteSwiftPackageReference "swift-otel" */;
			productName = OpenTelemetry;
		};
		60855E5A2976402400E2A132 /* OtlpGRPCSpanExporting */ = {
			isa = XCSwiftPackageProductDependency;
			package = 60855E572976402400E2A132 /* XCRemoteSwiftPackageReference "swift-otel" */;
			productName = OtlpGRPCSpanExporting;
		};
/* End XCSwiftPackageProductDependency section */
	};
	rootObject = 60855E2229763ECB00E2A132 /* Project object */;
}
